{
    "_readme": [
        "This file locks the dependencies of your project to a known state",
        "Read more about it at https://getcomposer.org/doc/01-basic-usage.md#composer-lock-the-lock-file",
        "This file is @generated automatically"
    ],
    "hash": "2f55629c57cefaf2a0251e1071448f5b",
    "content-hash": "73bcf23cc352d05e842afdcc7277bf0c",
    "packages": [
        {
            "name": "abraham/twitteroauth",
            "version": "0.6.6",
            "source": {
                "type": "git",
                "url": "https://github.com/abraham/twitteroauth.git",
                "reference": "fc0766220c79087ac8178625d34e88ca29160d5b"
            },
            "dist": {
                "type": "zip",
                "url": "https://api.github.com/repos/abraham/twitteroauth/zipball/fc0766220c79087ac8178625d34e88ca29160d5b",
                "reference": "fc0766220c79087ac8178625d34e88ca29160d5b",
                "shasum": ""
            },
            "require": {
                "ext-curl": "*",
                "php": ">=5.5.0"
            },
            "require-dev": {
                "phpmd/phpmd": "2.3.*",
                "phpunit/phpunit": "4.8.*",
                "squizlabs/php_codesniffer": "2.3.*"
            },
            "type": "library",
            "autoload": {
                "psr-4": {
                    "Abraham\\TwitterOAuth\\": "src"
                }
            },
            "notification-url": "https://packagist.org/downloads/",
            "license": [
                "MIT"
            ],
            "authors": [
                {
                    "name": "Abraham Williams",
                    "email": "abraham@abrah.am",
                    "homepage": "https://abrah.am",
                    "role": "Developer"
                }
            ],
            "description": "The most popular PHP library for use with the Twitter OAuth REST API.",
            "homepage": "https://twitteroauth.com",
            "keywords": [
                "Twitter API",
                "Twitter oAuth",
                "api",
                "oauth",
                "rest",
                "social",
                "twitter"
            ],
            "time": "2016-10-10 14:20:30"
        },
        {
            "name": "darrynten/any-cache",
            "version": "v1.0.1",
            "source": {
                "type": "git",
                "url": "https://github.com/darrynten/any-cache.git",
                "reference": "ba15c352bbd790862e3a72beb6450ac7f72d0eaf"
            },
            "dist": {
                "type": "zip",
                "url": "https://api.github.com/repos/darrynten/any-cache/zipball/ba15c352bbd790862e3a72beb6450ac7f72d0eaf",
                "reference": "ba15c352bbd790862e3a72beb6450ac7f72d0eaf",
                "shasum": ""
            },
            "require": {
                "php": "^5.5.9 || ^7.0"
            },
            "require-dev": {
                "doctrine/cache": "^1.6",
                "illuminate/cache": "^5.4",
                "illuminate/contracts": "^5.4",
                "mockery/mockery": "dev-master",
                "phpunit/phpunit": "~5.0",
                "symfony/cache": "~3.0",
                "symfony/dependency-injection": "~2.8|~3.0",
                "symfony/http-kernel": "~2.8|~3.0"
            },
            "suggest": {
                "doctrine/cache": "Use any Doctrine cache driver for cache",
                "symfony/cache": "Use any Symfony cache driver for cache"
            },
            "type": "library",
            "autoload": {
                "psr-4": {
                    "DarrynTen\\AnyCache\\": "src/"
                },
                "exclude-from-classmap": [
                    "/Tests/",
                    "/tests/"
                ]
            },
            "notification-url": "https://packagist.org/downloads/",
            "license": [
                "MIT"
            ],
            "description": "Adapter designed to add Framework Agnosticism for Caching within PHP Packages.",
            "homepage": "https://github.com/darrynten/any-cache",
            "keywords": [
                "adapter",
                "cache",
                "framework agnostic"
            ],
            "time": "2017-02-09 21:13:52"
        },
        {
            "name": "darrynten/google-natural-language-php",
            "version": "v1.0.0",
            "source": {
                "type": "git",
                "url": "https://github.com/darrynten/google-natural-language-php.git",
                "reference": "1c0abadfe42842c7b47310f0f657885efbd88d0d"
            },
            "dist": {
                "type": "zip",
                "url": "https://api.github.com/repos/darrynten/google-natural-language-php/zipball/1c0abadfe42842c7b47310f0f657885efbd88d0d",
                "reference": "1c0abadfe42842c7b47310f0f657885efbd88d0d",
                "shasum": ""
            },
            "require": {
                "darrynten/any-cache": "^1.0",
                "guzzlehttp/guzzle": "^6.2.1",
                "php": "^5.5.9 || ^7.0"
            },
            "require-dev": {
                "google/cloud": "^0.20.2",
                "mockery/mockery": "dev-master",
                "phpunit/phpunit": "~5.0"
            },
            "type": "library",
            "autoload": {
                "psr-4": {
                    "DarrynTen\\GoogleNaturalLanguagePhp\\": "src/"
                },
                "exclude-from-classmap": [
                    "/Tests/"
                ]
            },
            "notification-url": "https://packagist.org/downloads/",
            "description": "PHP Google Natural Language Client with Extras",
            "time": "2017-02-12 01:23:28"
        },
        {
            "name": "dg/twitter-php",
            "version": "v3.6",
            "source": {
                "type": "git",
                "url": "https://github.com/dg/twitter-php.git",
                "reference": "dd872ad12121ff919b358989e61f7f08ba6cc7a8"
            },
            "dist": {
                "type": "zip",
                "url": "https://api.github.com/repos/dg/twitter-php/zipball/dd872ad12121ff919b358989e61f7f08ba6cc7a8",
                "reference": "dd872ad12121ff919b358989e61f7f08ba6cc7a8",
                "shasum": ""
            },
            "require": {
                "ext-curl": "*",
                "php": ">=5.2.0"
            },
            "type": "library",
            "autoload": {
                "classmap": [
                    "src/"
                ]
            },
            "notification-url": "https://packagist.org/downloads/",
            "license": [
                "BSD-3-Clause"
            ],
            "authors": [
                {
                    "name": "David Grudl",
                    "homepage": "https://davidgrudl.com"
                }
            ],
            "description": "Small and easy Twitter library for PHP",
            "homepage": "https://github.com/dg/twitter-php",
            "keywords": [
                "oauth",
                "twitter"
            ],
            "time": "2016-08-15 16:46:22"
        },
        {
            "name": "firebase/php-jwt",
            "version": "v5.0.0",
            "source": {
                "type": "git",
                "url": "https://github.com/firebase/php-jwt.git",
                "reference": "9984a4d3a32ae7673d6971ea00bae9d0a1abba0e"
            },
            "dist": {
                "type": "zip",
                "url": "https://api.github.com/repos/firebase/php-jwt/zipball/9984a4d3a32ae7673d6971ea00bae9d0a1abba0e",
                "reference": "9984a4d3a32ae7673d6971ea00bae9d0a1abba0e",
                "shasum": ""
            },
            "require": {
                "php": ">=5.3.0"
            },
            "require-dev": {
                "phpunit/phpunit": " 4.8.35"
            },
            "type": "library",
            "autoload": {
                "psr-4": {
                    "Firebase\\JWT\\": "src"
                }
            },
            "notification-url": "https://packagist.org/downloads/",
            "license": [
                "BSD-3-Clause"
            ],
            "authors": [
                {
                    "name": "Neuman Vong",
                    "email": "neuman+pear@twilio.com",
                    "role": "Developer"
                },
                {
                    "name": "Anant Narayanan",
                    "email": "anant@php.net",
                    "role": "Developer"
                }
            ],
            "description": "A simple library to encode and decode JSON Web Tokens (JWT) in PHP. Should conform to the current spec.",
            "homepage": "https://github.com/firebase/php-jwt",
            "time": "2017-06-27 22:17:23"
        },
        {
            "name": "google/auth",
            "version": "v1.0.1",
            "source": {
                "type": "git",
                "url": "https://github.com/google/google-auth-library-php.git",
                "reference": "db8e3022a308cb0e988026d38e67b91a42b41622"
            },
            "dist": {
                "type": "zip",
                "url": "https://api.github.com/repos/google/google-auth-library-php/zipball/db8e3022a308cb0e988026d38e67b91a42b41622",
                "reference": "db8e3022a308cb0e988026d38e67b91a42b41622",
                "shasum": ""
            },
            "require": {
                "firebase/php-jwt": "~2.0|~3.0|~4.0|~5.0",
                "guzzlehttp/guzzle": "~5.3.1|~6.0",
                "guzzlehttp/psr7": "~1.2",
                "php": ">=5.4",
                "psr/cache": "^1.0",
                "psr/http-message": "^1.0"
            },
            "require-dev": {
                "friendsofphp/php-cs-fixer": "^1.11",
                "phpunit/phpunit": "3.7.*"
            },
            "type": "library",
            "autoload": {
                "classmap": [
                    "src/"
                ],
                "psr-4": {
                    "Google\\Auth\\": "src"
                }
            },
            "notification-url": "https://packagist.org/downloads/",
            "license": [
                "Apache-2.0"
            ],
            "description": "Google Auth Library for PHP",
            "homepage": "http://github.com/google/google-auth-library-php",
            "keywords": [
                "Authentication",
                "google",
                "oauth2"
            ],
            "time": "2017-07-31 16:34:40"
        },
        {
            "name": "google/cloud-core",
            "version": "v1.9.0",
            "source": {
                "type": "git",
                "url": "https://github.com/GoogleCloudPlatform/google-cloud-php-core.git",
                "reference": "17d0a5150ebb21e8980adf1ea199d53f7a611d17"
            },
            "dist": {
                "type": "zip",
                "url": "https://api.github.com/repos/GoogleCloudPlatform/google-cloud-php-core/zipball/17d0a5150ebb21e8980adf1ea199d53f7a611d17",
                "reference": "17d0a5150ebb21e8980adf1ea199d53f7a611d17",
                "shasum": ""
            },
            "require": {
                "google/auth": "~0.9|^1.0",
                "guzzlehttp/guzzle": "^5.3|^6.0",
                "guzzlehttp/psr7": "^1.2",
                "monolog/monolog": "~1",
                "php": ">=5.5",
                "psr/http-message": "1.0.*",
                "rize/uri-template": "~0.3"
            },
            "suggest": {
                "symfony/lock": "Required for the Spanner cached based session pool. Please require the following commit: 3.3.x-dev#1ba6ac9"
            },
            "bin": [
                "bin/google-cloud-batch"
            ],
            "type": "library",
            "extra": {
                "component": {
                    "id": "cloud-core",
                    "target": "GoogleCloudPlatform/google-cloud-php-core.git",
                    "path": "src/Core",
                    "entry": "ServiceBuilder.php"
                }
            },
            "autoload": {
                "psr-4": {
                    "Google\\Cloud\\Core\\": ""
                }
            },
            "notification-url": "https://packagist.org/downloads/",
            "license": [
                "Apache-2.0"
            ],
            "description": "Google Cloud PHP shared dependency, providing functionality useful to all components.",
            "time": "2017-09-12 20:49:36"
        },
        {
            "name": "google/cloud-language",
            "version": "v0.5.0",
            "source": {
                "type": "git",
                "url": "https://github.com/GoogleCloudPlatform/google-cloud-php-language.git",
                "reference": "1a57fb103b18f4786297e45b2109bf9b9ba6ce8f"
            },
            "dist": {
                "type": "zip",
                "url": "https://api.github.com/repos/GoogleCloudPlatform/google-cloud-php-language/zipball/1a57fb103b18f4786297e45b2109bf9b9ba6ce8f",
                "reference": "1a57fb103b18f4786297e45b2109bf9b9ba6ce8f",
                "shasum": ""
            },
            "require": {
                "google/cloud-core": "^1.0"
            },
            "suggest": {
                "google/cloud-storage": "Analyze documents stored in Google Cloud Storage",
                "google/gax": "Required to support gRPC",
                "google/proto-client": "Required to support gRPC"
            },
            "type": "library",
            "extra": {
                "component": {
                    "id": "cloud-language",
                    "target": "GoogleCloudPlatform/google-cloud-php-language.git",
                    "path": "src/Language",
                    "entry": "LanguageClient.php"
                }
            },
            "autoload": {
                "psr-4": {
                    "Google\\Cloud\\Language\\": ""
                }
            },
            "notification-url": "https://packagist.org/downloads/",
            "license": [
                "Apache-2.0"
            ],
            "description": "Cloud Natural Language Client for PHP",
            "time": "2017-09-05 20:40:19"
        },
        {
            "name": "google/cloud-storage",
            "version": "v1.1.5",
            "source": {
                "type": "git",
                "url": "https://github.com/GoogleCloudPlatform/google-cloud-php-storage.git",
                "reference": "0bc0db9258ed551d25384667c1a7f2dcb3801118"
            },
            "dist": {
                "type": "zip",
                "url": "https://api.github.com/repos/GoogleCloudPlatform/google-cloud-php-storage/zipball/0bc0db9258ed551d25384667c1a7f2dcb3801118",
                "reference": "0bc0db9258ed551d25384667c1a7f2dcb3801118",
                "shasum": ""
            },
            "require": {
                "google/cloud-core": "^1.0"
            },
            "suggest": {
                "phpseclib/phpseclib": "May be used in place of OpenSSL for creating signed Cloud Storage URLs. Please require version ^2."
            },
            "type": "library",
            "extra": {
                "component": {
                    "id": "cloud-storage",
                    "target": "GoogleCloudPlatform/google-cloud-php-storage.git",
                    "path": "src/Storage",
                    "entry": "StorageClient.php"
                }
            },
            "autoload": {
                "psr-4": {
                    "Google\\Cloud\\Storage\\": ""
                }
            },
            "notification-url": "https://packagist.org/downloads/",
            "license": [
                "Apache-2.0"
            ],
            "description": "Cloud Storage Client for PHP",
            "time": "2017-09-18 15:09:56"
        },
        {
            "name": "guzzlehttp/guzzle",
            "version": "6.3.0",
            "source": {
                "type": "git",
                "url": "https://github.com/guzzle/guzzle.git",
                "reference": "f4db5a78a5ea468d4831de7f0bf9d9415e348699"
            },
            "dist": {
                "type": "zip",
                "url": "https://api.github.com/repos/guzzle/guzzle/zipball/f4db5a78a5ea468d4831de7f0bf9d9415e348699",
                "reference": "f4db5a78a5ea468d4831de7f0bf9d9415e348699",
                "shasum": ""
            },
            "require": {
                "guzzlehttp/promises": "^1.0",
                "guzzlehttp/psr7": "^1.4",
                "php": ">=5.5"
            },
            "require-dev": {
                "ext-curl": "*",
                "phpunit/phpunit": "^4.0 || ^5.0",
                "psr/log": "^1.0"
            },
            "suggest": {
                "psr/log": "Required for using the Log middleware"
            },
            "type": "library",
            "extra": {
                "branch-alias": {
                    "dev-master": "6.2-dev"
                }
            },
            "autoload": {
                "files": [
                    "src/functions_include.php"
                ],
                "psr-4": {
                    "GuzzleHttp\\": "src/"
                }
            },
            "notification-url": "https://packagist.org/downloads/",
            "license": [
                "MIT"
            ],
            "authors": [
                {
                    "name": "Michael Dowling",
                    "email": "mtdowling@gmail.com",
                    "homepage": "https://github.com/mtdowling"
                }
            ],
            "description": "Guzzle is a PHP HTTP client library",
            "homepage": "http://guzzlephp.org/",
            "keywords": [
                "client",
                "curl",
                "framework",
                "http",
                "http client",
                "rest",
                "web service"
            ],
            "time": "2017-06-22 18:50:49"
        },
        {
            "name": "guzzlehttp/promises",
            "version": "v1.3.1",
            "source": {
                "type": "git",
                "url": "https://github.com/guzzle/promises.git",
                "reference": "a59da6cf61d80060647ff4d3eb2c03a2bc694646"
            },
            "dist": {
                "type": "zip",
                "url": "https://api.github.com/repos/guzzle/promises/zipball/a59da6cf61d80060647ff4d3eb2c03a2bc694646",
                "reference": "a59da6cf61d80060647ff4d3eb2c03a2bc694646",
                "shasum": ""
            },
            "require": {
                "php": ">=5.5.0"
            },
            "require-dev": {
                "phpunit/phpunit": "^4.0"
            },
            "type": "library",
            "extra": {
                "branch-alias": {
                    "dev-master": "1.4-dev"
                }
            },
            "autoload": {
                "psr-4": {
                    "GuzzleHttp\\Promise\\": "src/"
                },
                "files": [
                    "src/functions_include.php"
                ]
            },
            "notification-url": "https://packagist.org/downloads/",
            "license": [
                "MIT"
            ],
            "authors": [
                {
                    "name": "Michael Dowling",
                    "email": "mtdowling@gmail.com",
                    "homepage": "https://github.com/mtdowling"
                }
            ],
            "description": "Guzzle promises library",
            "keywords": [
                "promise"
            ],
            "time": "2016-12-20 10:07:11"
        },
        {
            "name": "guzzlehttp/psr7",
            "version": "1.4.2",
            "source": {
                "type": "git",
                "url": "https://github.com/guzzle/psr7.git",
                "reference": "f5b8a8512e2b58b0071a7280e39f14f72e05d87c"
            },
            "dist": {
                "type": "zip",
                "url": "https://api.github.com/repos/guzzle/psr7/zipball/f5b8a8512e2b58b0071a7280e39f14f72e05d87c",
                "reference": "f5b8a8512e2b58b0071a7280e39f14f72e05d87c",
                "shasum": ""
            },
            "require": {
                "php": ">=5.4.0",
                "psr/http-message": "~1.0"
            },
            "provide": {
                "psr/http-message-implementation": "1.0"
            },
            "require-dev": {
                "phpunit/phpunit": "~4.0"
            },
            "type": "library",
            "extra": {
                "branch-alias": {
                    "dev-master": "1.4-dev"
                }
            },
            "autoload": {
                "psr-4": {
                    "GuzzleHttp\\Psr7\\": "src/"
                },
                "files": [
                    "src/functions_include.php"
                ]
            },
            "notification-url": "https://packagist.org/downloads/",
            "license": [
                "MIT"
            ],
            "authors": [
                {
                    "name": "Michael Dowling",
                    "email": "mtdowling@gmail.com",
                    "homepage": "https://github.com/mtdowling"
                },
                {
                    "name": "Tobias Schultze",
                    "homepage": "https://github.com/Tobion"
                }
            ],
            "description": "PSR-7 message implementation that also provides common utility methods",
            "keywords": [
                "http",
                "message",
                "request",
                "response",
                "stream",
                "uri",
                "url"
            ],
            "time": "2017-03-20 17:10:46"
        },
        {
            "name": "j7mbo/twitter-api-php",
            "version": "1.0.6",
            "source": {
                "type": "git",
                "url": "https://github.com/J7mbo/twitter-api-php.git",
                "reference": "443d22c53d621b3cc6b7e0c56daa60c5ada033f7"
            },
            "dist": {
                "type": "zip",
                "url": "https://api.github.com/repos/J7mbo/twitter-api-php/zipball/443d22c53d621b3cc6b7e0c56daa60c5ada033f7",
                "reference": "443d22c53d621b3cc6b7e0c56daa60c5ada033f7",
                "shasum": ""
            },
            "require": {
                "ext-curl": "*"
            },
            "require-dev": {
                "phpunit/phpunit": "~4.5,>=4.5.1"
            },
            "type": "library",
            "extra": {
                "branch-alias": {
                    "dev-master": "1.0-dev"
                }
            },
            "autoload": {
                "classmap": [
                    "TwitterAPIExchange.php"
                ]
            },
            "notification-url": "https://packagist.org/downloads/",
            "license": [
                "GNU Public License"
            ],
            "authors": [
                {
                    "name": "James Mallison",
                    "homepage": "https://github.com/j7mbo/twitter-api-php"
                }
            ],
            "description": "Simple PHP Wrapper for Twitter API v1.1 calls",
            "homepage": "https://github.com/j7mbo/twitter-api-php",
            "keywords": [
                "api",
                "php",
                "twitter"
            ],
            "time": "2017-05-08 12:10:56"
        },
        {
            "name": "monolog/monolog",
            "version": "1.23.0",
            "source": {
                "type": "git",
                "url": "https://github.com/Seldaek/monolog.git",
                "reference": "fd8c787753b3a2ad11bc60c063cff1358a32a3b4"
            },
            "dist": {
                "type": "zip",
                "url": "https://api.github.com/repos/Seldaek/monolog/zipball/fd8c787753b3a2ad11bc60c063cff1358a32a3b4",
                "reference": "fd8c787753b3a2ad11bc60c063cff1358a32a3b4",
                "shasum": ""
            },
            "require": {
                "php": ">=5.3.0",
                "psr/log": "~1.0"
            },
            "provide": {
                "psr/log-implementation": "1.0.0"
            },
            "require-dev": {
                "aws/aws-sdk-php": "^2.4.9 || ^3.0",
                "doctrine/couchdb": "~1.0@dev",
                "graylog2/gelf-php": "~1.0",
                "jakub-onderka/php-parallel-lint": "0.9",
                "php-amqplib/php-amqplib": "~2.4",
                "php-console/php-console": "^3.1.3",
                "phpunit/phpunit": "~4.5",
                "phpunit/phpunit-mock-objects": "2.3.0",
                "ruflin/elastica": ">=0.90 <3.0",
                "sentry/sentry": "^0.13",
                "swiftmailer/swiftmailer": "^5.3|^6.0"
            },
            "suggest": {
                "aws/aws-sdk-php": "Allow sending log messages to AWS services like DynamoDB",
                "doctrine/couchdb": "Allow sending log messages to a CouchDB server",
                "ext-amqp": "Allow sending log messages to an AMQP server (1.0+ required)",
                "ext-mongo": "Allow sending log messages to a MongoDB server",
                "graylog2/gelf-php": "Allow sending log messages to a GrayLog2 server",
                "mongodb/mongodb": "Allow sending log messages to a MongoDB server via PHP Driver",
                "php-amqplib/php-amqplib": "Allow sending log messages to an AMQP server using php-amqplib",
                "php-console/php-console": "Allow sending log messages to Google Chrome",
                "rollbar/rollbar": "Allow sending log messages to Rollbar",
                "ruflin/elastica": "Allow sending log messages to an Elastic Search server",
                "sentry/sentry": "Allow sending log messages to a Sentry server"
            },
            "type": "library",
            "extra": {
                "branch-alias": {
                    "dev-master": "2.0.x-dev"
                }
            },
            "autoload": {
                "psr-4": {
                    "Monolog\\": "src/Monolog"
                }
            },
            "notification-url": "https://packagist.org/downloads/",
            "license": [
                "MIT"
            ],
            "authors": [
                {
                    "name": "Jordi Boggiano",
                    "email": "j.boggiano@seld.be",
                    "homepage": "http://seld.be"
                }
            ],
            "description": "Sends your logs to files, sockets, inboxes, databases and various web services",
            "homepage": "http://github.com/Seldaek/monolog",
            "keywords": [
                "log",
                "logging",
                "psr-3"
            ],
            "time": "2017-06-19 01:22:40"
        },
        {
            "name": "psr/cache",
            "version": "1.0.1",
            "source": {
                "type": "git",
                "url": "https://github.com/php-fig/cache.git",
                "reference": "d11b50ad223250cf17b86e38383413f5a6764bf8"
            },
            "dist": {
                "type": "zip",
                "url": "https://api.github.com/repos/php-fig/cache/zipball/d11b50ad223250cf17b86e38383413f5a6764bf8",
                "reference": "d11b50ad223250cf17b86e38383413f5a6764bf8",
                "shasum": ""
            },
            "require": {
                "php": ">=5.3.0"
            },
            "type": "library",
            "extra": {
                "branch-alias": {
                    "dev-master": "1.0.x-dev"
                }
            },
            "autoload": {
                "psr-4": {
                    "Psr\\Cache\\": "src/"
                }
            },
            "notification-url": "https://packagist.org/downloads/",
            "license": [
                "MIT"
            ],
            "authors": [
                {
                    "name": "PHP-FIG",
                    "homepage": "http://www.php-fig.org/"
                }
            ],
            "description": "Common interface for caching libraries",
            "keywords": [
                "cache",
                "psr",
                "psr-6"
            ],
            "time": "2016-08-06 20:24:11"
        },
        {
            "name": "psr/http-message",
            "version": "1.0.1",
            "source": {
                "type": "git",
                "url": "https://github.com/php-fig/http-message.git",
                "reference": "f6561bf28d520154e4b0ec72be95418abe6d9363"
            },
            "dist": {
                "type": "zip",
                "url": "https://api.github.com/repos/php-fig/http-message/zipball/f6561bf28d520154e4b0ec72be95418abe6d9363",
                "reference": "f6561bf28d520154e4b0ec72be95418abe6d9363",
                "shasum": ""
            },
            "require": {
                "php": ">=5.3.0"
            },
            "type": "library",
            "extra": {
                "branch-alias": {
                    "dev-master": "1.0.x-dev"
                }
            },
            "autoload": {
                "psr-4": {
                    "Psr\\Http\\Message\\": "src/"
                }
            },
            "notification-url": "https://packagist.org/downloads/",
            "license": [
                "MIT"
            ],
            "authors": [
                {
                    "name": "PHP-FIG",
                    "homepage": "http://www.php-fig.org/"
                }
            ],
            "description": "Common interface for HTTP messages",
            "homepage": "https://github.com/php-fig/http-message",
            "keywords": [
                "http",
                "http-message",
                "psr",
                "psr-7",
                "request",
                "response"
            ],
            "time": "2016-08-06 14:39:51"
        },
        {
            "name": "psr/log",
            "version": "1.0.2",
            "source": {
                "type": "git",
                "url": "https://github.com/php-fig/log.git",
                "reference": "4ebe3a8bf773a19edfe0a84b6585ba3d401b724d"
            },
            "dist": {
                "type": "zip",
                "url": "https://api.github.com/repos/php-fig/log/zipball/4ebe3a8bf773a19edfe0a84b6585ba3d401b724d",
                "reference": "4ebe3a8bf773a19edfe0a84b6585ba3d401b724d",
                "shasum": ""
            },
            "require": {
                "php": ">=5.3.0"
            },
            "type": "library",
            "extra": {
                "branch-alias": {
                    "dev-master": "1.0.x-dev"
                }
            },
            "autoload": {
                "psr-4": {
                    "Psr\\Log\\": "Psr/Log/"
                }
            },
            "notification-url": "https://packagist.org/downloads/",
            "license": [
                "MIT"
            ],
            "authors": [
                {
                    "name": "PHP-FIG",
                    "homepage": "http://www.php-fig.org/"
                }
            ],
            "description": "Common interface for logging libraries",
            "homepage": "https://github.com/php-fig/log",
            "keywords": [
                "log",
                "psr",
                "psr-3"
            ],
            "time": "2016-10-10 12:19:37"
        },
        {
            "name": "rize/uri-template",
            "version": "0.3.2",
            "source": {
                "type": "git",
                "url": "https://github.com/rize/UriTemplate.git",
                "reference": "9e5fdd5c47147aa5adf7f760002ee591ed37b9ca"
            },
            "dist": {
                "type": "zip",
                "url": "https://api.github.com/repos/rize/UriTemplate/zipball/9e5fdd5c47147aa5adf7f760002ee591ed37b9ca",
                "reference": "9e5fdd5c47147aa5adf7f760002ee591ed37b9ca",
                "shasum": ""
            },
            "require": {
                "php": ">=5.3.0"
            },
            "require-dev": {
                "phpunit/phpunit": "~4.0.0"
            },
            "type": "library",
            "autoload": {
                "psr-0": {
                    "Rize\\UriTemplate": "src/"
                }
            },
            "notification-url": "https://packagist.org/downloads/",
            "license": [
                "MIT"
            ],
            "authors": [
                {
                    "name": "Marut K",
                    "homepage": "http://twitter.com/rezigned"
                }
            ],
            "description": "PHP URI Template (RFC 6570) supports both expansion & extraction",
            "keywords": [
                "RFC 6570",
                "template",
                "uri"
            ],
            "time": "2017-06-14 03:57:53"
        },
        {
            "name": "twbs/bootstrap",
            "version": "v3.3.7",
            "source": {
                "type": "git",
                "url": "https://github.com/twbs/bootstrap.git",
                "reference": "0b9c4a4007c44201dce9a6cc1a38407005c26c86"
            },
            "dist": {
                "type": "zip",
                "url": "https://api.github.com/repos/twbs/bootstrap/zipball/0b9c4a4007c44201dce9a6cc1a38407005c26c86",
                "reference": "0b9c4a4007c44201dce9a6cc1a38407005c26c86",
                "shasum": ""
            },
            "replace": {
                "twitter/bootstrap": "self.version"
            },
            "type": "library",
            "extra": {
                "branch-alias": {
                    "dev-master": "3.3.x-dev"
                }
            },
            "notification-url": "https://packagist.org/downloads/",
            "license": [
                "MIT"
            ],
            "authors": [
                {
                    "name": "Jacob Thornton",
                    "email": "jacobthornton@gmail.com"
                },
                {
                    "name": "Mark Otto",
                    "email": "markdotto@gmail.com"
                }
            ],
            "description": "The most popular front-end framework for developing responsive, mobile first projects on the web.",
            "homepage": "http://getbootstrap.com",
            "keywords": [
                "JS",
                "css",
                "framework",
                "front-end",
                "less",
                "mobile-first",
                "responsive",
                "web"
            ],
            "time": "2016-07-25 15:51:55"
        }
    ],
    "packages-dev": [],
    "aliases": [],
    "minimum-stability": "stable",
    "stability-flags": [],
    "prefer-stable": false,
    "prefer-lowest": false,
    "platform": [],
    "platform-dev": []
}
